Microsoft Visual Studio Solution File, Format Version 12.00
# Visual Studio Version 17
VisualStudioVersion = 17.5.2.0
MinimumVisualStudioVersion = 10.0.40219.1
Project("{FAE04EC0-301F-11D3-BF4B-00C04F79EFBC}") = "PayFastAPI", "PayFastAPI.csproj", "{45B92335-6357-1156-9219-7311D98C32AD}"
EndProject
Global
	GlobalSection(SolutionConfigurationPlatforms) = preSolution
		Debug|Any CPU = Debug|Any CPU
		Release|Any CPU = Release|Any CPU
	EndGlobalSection
	GlobalSection(ProjectConfigurationPlatforms) = postSolution
		{45B92335-6357-1156-9219-7311D98C32AD}.Debug|Any CPU.ActiveCfg = Debug|Any CPU
		{45B92335-6357-1156-9219-7311D98C32AD}.Debug|Any CPU.Build.0 = Debug|Any CPU
		{45B92335-6357-1156-9219-7311D98C32AD}.Release|Any CPU.ActiveCfg = Release|Any CPU
		{45B92335-6357-1156-9219-7311D98C32AD}.Release|Any CPU.Build.0 = Release|Any CPU
	EndGlobalSection
	GlobalSection(SolutionProperties) = preSolution
		HideSolutionNode = FALSE
	EndGlobalSection
	GlobalSection(ExtensibilityGlobals) = postSolution
		SolutionGuid = {7B9E01FB-B3B3-40BE-9498-5D8EC7BE792C}
	EndGlobalSection
EndGlobal
